{
  "version": "2",
  "remote": {
    "https://deno.land/std@0.107.0/_util/assert.ts": "2f868145a042a11d5ad0a3c748dcf580add8a0dbc0e876eaa0026303a5488f58",
    "https://deno.land/std@0.107.0/bytes/mod.ts": "440684e07e8f57a19a43b34d57eb63af0b36fc92b6657b6dcdbf9d5612d62e29",
    "https://deno.land/std@0.107.0/collections/_utils.ts": "027b5ebf58963d98f41be7e3f7ade34c7c931b886f01ae9b54b15eadd30860be",
    "https://deno.land/std@0.107.0/collections/associate_by.ts": "d90c98260f33bbf0231248f8c74cc370bd360c3f70d6e5571d512bd0d1949975",
    "https://deno.land/std@0.107.0/collections/associate_with.ts": "f50fc2b289828ec7fe25ae261d8cf531a4ea328775d0011189f346fc2557a11f",
    "https://deno.land/std@0.107.0/collections/chunk.ts": "beef5c46430594a7c4ff3d8ce9a540d2dc131fc065bf63e8ead86a237a848122",
    "https://deno.land/std@0.107.0/collections/deep_merge.ts": "fb7507858851f48bce7e6722be8bf6975edf9c64b107e732b8cbbca67890e34c",
    "https://deno.land/std@0.107.0/collections/distinct.ts": "2daeec2457a229f81a06b7f1d6a132d7f33c161733b2df45a2807a3d2521033e",
    "https://deno.land/std@0.107.0/collections/distinct_by.ts": "8a12864a68a8c5e8f79db7bd04086357c5e9c18f867d80dd4e1ac40a568d86d9",
    "https://deno.land/std@0.107.0/collections/drop_last_while.ts": "4c91f45cc560445cc35b3d0825711dc516ace4656ef8f1a545e5c050bb30e2de",
    "https://deno.land/std@0.107.0/collections/drop_while.ts": "e858809be5bb044ce430ddab5ae1e208faf6091a738ac38ff8ee605e46d06856",
    "https://deno.land/std@0.107.0/collections/filter_entries.ts": "1ad4a82c3062ade475989393ac4ae9780bf360ecd714336479997685f8fd67f8",
    "https://deno.land/std@0.107.0/collections/filter_keys.ts": "4be3ceedb097cbefc5e3ffc86c5acee8c475047036c2ac78139243f3b4305464",
    "https://deno.land/std@0.107.0/collections/filter_values.ts": "70fadf3435cb9e6bccc2683502215b330303159566e28ee22c59592ed85d9f8c",
    "https://deno.land/std@0.107.0/collections/find_last.ts": "085090345bd8f9322be9dd441397f526784d57907dbf400730584ce36a6e19bc",
    "https://deno.land/std@0.107.0/collections/find_last_index.ts": "8fb7031891b12a0044bd69e8a27e03b224841f69aa2f46c6ba6e20b6b6e4d639",
    "https://deno.land/std@0.107.0/collections/find_single.ts": "858debb6d7ba00c9b7a9ddc9f6ed39404a2c697aec2be8622cf786551bc75448",
    "https://deno.land/std@0.107.0/collections/first_not_nullish_of.ts": "d019b912222605dcf34e455d1b553957b50ae575c4171ec25ae727f808513e44",
    "https://deno.land/std@0.107.0/collections/group_by.ts": "2496ae8dbf345eee564d424ccb4cf6fd46bda09537a6bf3b765a251419c0f267",
    "https://deno.land/std@0.107.0/collections/includes_value.ts": "3f1625f00a420bfbe23d8048fb6c5571ada4f118815a3c64a79f092369ad90d3",
    "https://deno.land/std@0.107.0/collections/intersect.ts": "4cce915d2318fe6c50bfb17cac705a77f9f2c47de4ea9059c73111dd075e7efc",
    "https://deno.land/std@0.107.0/collections/map_entries.ts": "e1ff2352bb871aa3765be9022566d9b29c412045e932327bdb602a3ed0c852c5",
    "https://deno.land/std@0.107.0/collections/map_keys.ts": "ef6ff5c49107f00d4a8f7efec87b3b373519c32a3087bbd114789ad5be9a6f9c",
    "https://deno.land/std@0.107.0/collections/map_not_nullish.ts": "6b4bbebb0b59e44eee800ef315ed19d359b9dfd9257dc7813cb06a76a22097c5",
    "https://deno.land/std@0.107.0/collections/map_values.ts": "8160dc6d9f244f43ed9f025af4db48a6a8237611f36d4eb4424af7a5856c7332",
    "https://deno.land/std@0.107.0/collections/max_by.ts": "55d8d2ea963e9c4724eb28ba15b1dcf59ace613e424f84e75d8d0c6798855313",
    "https://deno.land/std@0.107.0/collections/max_of.ts": "63b72bc82c93758f05aa13d44e902699ba5a3876688c4e6c6a374453e6efc8e8",
    "https://deno.land/std@0.107.0/collections/max_with.ts": "31438c02408cd97355ee35618a7f078d373c7e3d9b3fd5c3ea8a2a21e178b6b5",
    "https://deno.land/std@0.107.0/collections/min_by.ts": "927ea76ab55fd09d404742575e8974a38ba7bb7b84840e44079bc16bc949024c",
    "https://deno.land/std@0.107.0/collections/min_of.ts": "3d0a1f613b66a2a1ebe6386b47b58ca7b87a5e56903b6784ae9add56b260cb1a",
    "https://deno.land/std@0.107.0/collections/min_with.ts": "1467633ccf29eae712353059a5f38c1afd75a96a581a97ab66fd4efd38cd1d7b",
    "https://deno.land/std@0.107.0/collections/mod.ts": "bbf262530e5ac550cbf68a1626773731651fdd80049795f36e40bb515eafff0c",
    "https://deno.land/std@0.107.0/collections/partition.ts": "f3d1f0034c61be22f09090c4fffde480063e8a881931ebd0947611b4ef2b4b38",
    "https://deno.land/std@0.107.0/collections/permutations.ts": "4ebfbbfc24a55f18e4249d5e9e1d37bc95d2ebf807d6ef104452d454142e0b6b",
    "https://deno.land/std@0.107.0/collections/reduce_groups.ts": "54e99c1afd7b1ec42e7c785e7cc7f34e790e112fc8e2fc856cc91002f4f838ed",
    "https://deno.land/std@0.107.0/collections/running_reduce.ts": "c26f8a283702c58886a209ed8d421a3c7abaece28a76b85c8528aa48443bce4c",
    "https://deno.land/std@0.107.0/collections/sample.ts": "a6ead56c327fd788ce4d0548bdf72e3d30c53ba004145b929c3dcf32fe388bc0",
    "https://deno.land/std@0.107.0/collections/sliding_windows.ts": "aff0e011274da9aaf52fc0428a67c70bff3fe1b4dd016d947548e84be68d18f5",
    "https://deno.land/std@0.107.0/collections/sort_by.ts": "9ae49d10196026e82c6a1fe4e2c4a146e4fa2e8b1d145884334d03a04a9ac2fe",
    "https://deno.land/std@0.107.0/collections/sum_of.ts": "e90ff4b6265cb15879db11b209fc5119da2e660fb4c4f57a65c8bd3a02d5d41c",
    "https://deno.land/std@0.107.0/collections/take_last_while.ts": "10e05da90b924a0b6b4ffc6632accf83d6f7cebe964dc3aed74c97c2276e3a50",
    "https://deno.land/std@0.107.0/collections/take_while.ts": "f3e2d74c5d591fc17115be6d739d8fc011f5652696bfc082bf72053b82c43245",
    "https://deno.land/std@0.107.0/collections/union.ts": "0d95da3aaf9d2d22adadbddafecd2fa1649675a85fff9062da85a7f55b18903c",
    "https://deno.land/std@0.107.0/collections/unzip.ts": "f62673da3a591ab5a5fb71d985854fcb8e3688f67eb4e48738604bb7aee6c46b",
    "https://deno.land/std@0.107.0/collections/without_all.ts": "68f05f389ed9645b47923a90047e605549c73a5a0e336237bb25faef73973ca4",
    "https://deno.land/std@0.107.0/collections/zip.ts": "e6ef5456f521684089664054f0747483efe31a429931e0c4a4fac195794e13a3",
    "https://deno.land/std@0.107.0/encoding/_yaml/dumper/dumper.ts": "74462a085ffb400335db7cf403051565a5b44ffe7d074fd8affd30b45af41501",
    "https://deno.land/std@0.107.0/encoding/_yaml/dumper/dumper_state.ts": "480d85014f6453ff32566aa2025b4b93f47ba1b52caa823075e0207b6abdaf91",
    "https://deno.land/std@0.107.0/encoding/_yaml/error.ts": "37127caf2a57a58ed1f4761d1786f341b8169b81cddd8143ee707c5ae8381ed1",
    "https://deno.land/std@0.107.0/encoding/_yaml/loader/loader.ts": "8a838eee42676b45aa27a5345d1fce9d1b6af88e4131af4484dc61710ee535cd",
    "https://deno.land/std@0.107.0/encoding/_yaml/loader/loader_state.ts": "b419c93cd239241a0b0cd15d6f7e641e8e8259f92786e98180c62a37c1f4f2c8",
    "https://deno.land/std@0.107.0/encoding/_yaml/mark.ts": "bea6f1b15a2398541a7b98224cedfdad0b5070a6091d2a64f6f1a7f9552f45d9",
    "https://deno.land/std@0.107.0/encoding/_yaml/parse.ts": "bf3b99a1d440f7c316959f35c4ddc1f34b6d4c0a1179ef248bbccb184f0f6b36",
    "https://deno.land/std@0.107.0/encoding/_yaml/schema.ts": "b7e0945e80a4f5ed55b875afa9e290e070880e555ad994e0e336905d08ec5370",
    "https://deno.land/std@0.107.0/encoding/_yaml/schema/core.ts": "60bc5880ae4bf8a856b7376b4f573688d018207c7095c4e3b7f6f78fb566fb96",
    "https://deno.land/std@0.107.0/encoding/_yaml/schema/default.ts": "aa3191b304e78237511b30eccc0c02fe1e6138de08d63ce79243dff57eefaa3a",
    "https://deno.land/std@0.107.0/encoding/_yaml/schema/extended.ts": "aefa25bf1c8187eedbb33ca938b8518ccd8e9909daaaa024704385b286fac7da",
    "https://deno.land/std@0.107.0/encoding/_yaml/schema/failsafe.ts": "99b32bbdf1f1d1a9f89412a3047b240df3910348bada9b6addb3d32e45707421",
    "https://deno.land/std@0.107.0/encoding/_yaml/schema/json.ts": "46cb110cf78c5eb1ea1cb3a022d9785c16346758c5fd796445625e3eba5e397c",
    "https://deno.land/std@0.107.0/encoding/_yaml/schema/mod.ts": "887883e91e15d85687a810dbd2337c91f6bc24cc89fa8d487e5fbb0851fc9d32",
    "https://deno.land/std@0.107.0/encoding/_yaml/state.ts": "b4c16a80245ccbf46e5d7e537686216fb178e6e17465edaad52dcc46ca061bc0",
    "https://deno.land/std@0.107.0/encoding/_yaml/stringify.ts": "7ffd3226730f8d29efab367e99ac772a254c59277bb6214fc9eb669a99be6b2b",
    "https://deno.land/std@0.107.0/encoding/_yaml/type.ts": "c8035db697dcbad50d3d714aab71f932f024067ce443475882ee14e721237f33",
    "https://deno.land/std@0.107.0/encoding/_yaml/type/binary.ts": "770b3b1f32ef6e5d39766c449137270aa6da6b75dbe7b1c5fafcaa0c3035df77",
    "https://deno.land/std@0.107.0/encoding/_yaml/type/bool.ts": "9d98f676db1004a096f484d3cffc3d6647edc1b1dcb36a6763d4058aa7c8d7ff",
    "https://deno.land/std@0.107.0/encoding/_yaml/type/float.ts": "8523e91d7e0e776cd28a7505883b707342d02f167cf2f70cbad907086f8070d1",
    "https://deno.land/std@0.107.0/encoding/_yaml/type/function.ts": "2d4a308bbcd29236047473f751cd628d6383d4cdd5d20078a03278ad3b1b7f3a",
    "https://deno.land/std@0.107.0/encoding/_yaml/type/int.ts": "ddd0b4dceaf4004f0d186832430fe622f14c576e8fc1847d8700c9962bd0b224",
    "https://deno.land/std@0.107.0/encoding/_yaml/type/map.ts": "1a6adda80abb559d194c2a6c921d77d1663efc528c3436eac30b6c865999cbf2",
    "https://deno.land/std@0.107.0/encoding/_yaml/type/merge.ts": "d72e0676455ab82a08ed67bbaec26911730d355600477b339918cc714a9404d2",
    "https://deno.land/std@0.107.0/encoding/_yaml/type/mod.ts": "9e93a15efbe9b2d98ec55d782913d8d263d4bfb2c8df89a59b39ac7a46e421de",
    "https://deno.land/std@0.107.0/encoding/_yaml/type/nil.ts": "93a6a43ed4cd82aeedf8866a436d050476ed8bf0c92bf77c5b762f146e634578",
    "https://deno.land/std@0.107.0/encoding/_yaml/type/omap.ts": "f3624d22d50bee6c5dd2ae8cb67b0af30964c9cc04c849502f50dff3d246d38e",
    "https://deno.land/std@0.107.0/encoding/_yaml/type/pairs.ts": "a50dcd677afaaed51a0629c5bde12b1632a7532e03611ef674e034b4140e0940",
    "https://deno.land/std@0.107.0/encoding/_yaml/type/regexp.ts": "e571f0888d7cceaa8056293be0914789bdd0eedd4372f4b532da395c6e5db4fa",
    "https://deno.land/std@0.107.0/encoding/_yaml/type/seq.ts": "50f1dbf35c2858c6e91b88964bc94836bea50da90a88b4df7814a1319bce921d",
    "https://deno.land/std@0.107.0/encoding/_yaml/type/set.ts": "477d20668416fe78bb35d5e9d90fcde21ad0fa982b4620791a4b6373e78becbb",
    "https://deno.land/std@0.107.0/encoding/_yaml/type/str.ts": "c24c0d7eaba943f2a30f827120be280ccf3fe903ebd31d5beb229965afd582b7",
    "https://deno.land/std@0.107.0/encoding/_yaml/type/timestamp.ts": "4e7221a8e2eafc818bd5b41ccf0636656044a9ca4892fa5763f45cb1733701fa",
    "https://deno.land/std@0.107.0/encoding/_yaml/type/undefined.ts": "bc774444b3a8d9b36cf8c032492584a629597b54cf34b791ed0280de9332296e",
    "https://deno.land/std@0.107.0/encoding/_yaml/utils.ts": "2c01dc0321ca969b208e244fa278f29ba7a5fdda2fba73b0f48dea99a4deb91b",
    "https://deno.land/std@0.107.0/encoding/yaml.ts": "2711d5fe11d8879fc25d2dbfb681aa4e0263a2b8799676a20525a4cbb358fcaa",
    "https://deno.land/std@0.107.0/fmt/colors.ts": "8368ddf2d48dfe413ffd04cdbb7ae6a1009cf0dccc9c7ff1d76259d9c61a0621",
    "https://deno.land/std@0.107.0/io/buffer.ts": "3ead6bb11276ebcf093c403f74f67fd2205a515dbbb9061862c468ca56f37cd8",
    "https://deno.land/std@0.107.0/io/types.d.ts": "89a27569399d380246ca7cdd9e14d5e68459f11fb6110790cc5ecbd4ee7f3215",
    "https://deno.land/std@0.107.0/testing/_diff.ts": "ccd6c3af6e44c74bf1591acb1361995f5f50df64323a6e7fb3f16c8ea792c940",
    "https://deno.land/std@0.107.0/testing/asserts.ts": "05ab5d53d1e2b8402987c50c622d6d8e6f89d63c0798ab26923ea5fcbe10f9ed",
    "https://deno.land/std@0.116.0/async/deadline.ts": "1d6ac7aeaee22f75eb86e4e105d6161118aad7b41ae2dd14f4cfd3bf97472b93",
    "https://deno.land/std@0.116.0/async/debounce.ts": "b2f693e4baa16b62793fd618de6c003b63228db50ecfe3bd51fc5f6dc0bc264b",
    "https://deno.land/std@0.116.0/async/deferred.ts": "ab60d46ba561abb3b13c0c8085d05797a384b9f182935f051dc67136817acdee",
    "https://deno.land/std@0.116.0/async/delay.ts": "f2d8ccaa8ebc26594bd8b0989edfd8a96257a714c1dee2fb54d986e5bdd840ac",
    "https://deno.land/std@0.116.0/async/mod.ts": "78425176fabea7bd1046ce3819fd69ce40da85c83e0f174d17e8e224a91f7d10",
    "https://deno.land/std@0.116.0/async/mux_async_iterator.ts": "62abff3af9ff619e8f2adc96fc70d4ca020fa48a50c23c13f12d02ed2b760dbe",
    "https://deno.land/std@0.116.0/async/pool.ts": "353ce4f91865da203a097aa6f33de8966340c91b6f4a055611c8c5d534afd12f",
    "https://deno.land/std@0.116.0/async/tee.ts": "3e9f2ef6b36e55188de16a667c702ace4ad0cf84e3720379160e062bf27348ad",
    "https://deno.land/std@0.116.0/http/server.ts": "46f616eac1ca0ea7b9fce97102d185a3d97ae7d7d3bbd635b74cefe05ed1cb37",
    "https://deno.land/std@0.179.0/_util/asserts.ts": "178dfc49a464aee693a7e285567b3d0b555dc805ff490505a8aae34f9cfb1462",
    "https://deno.land/std@0.179.0/bytes/copy.ts": "939d89e302a9761dcf1d9c937c7711174ed74c59eef40a1e4569a05c9de88219",
    "https://deno.land/std@0.179.0/encoding/_yaml/error.ts": "e60ab51d7c0253cf0d1cf7d445202e8e3da5c77aae0032071ba7400121c281b4",
    "https://deno.land/std@0.179.0/encoding/_yaml/loader/loader.ts": "13ec5aecca06b46105c1ca7053c13ef7ea7ab557893a81bc98338a0a532f27fe",
    "https://deno.land/std@0.179.0/encoding/_yaml/loader/loader_state.ts": "fcc82fcdf167acb0e9e5e32b32682e58b45f2d44210bf685794797ccb5621232",
    "https://deno.land/std@0.179.0/encoding/_yaml/mark.ts": "0027d6f62a70a6c64b85bd1751ddf1646ea97edcefbf5bea1706d5e519f4e34f",
    "https://deno.land/std@0.179.0/encoding/_yaml/schema.ts": "0833c75c59bf72c8a8f96f6c0615bcd98d23fdd9b076657f42b5c1a4f9d972b0",
    "https://deno.land/std@0.179.0/encoding/_yaml/schema/core.ts": "366f56673336ba24f5723c04319efcc7471be5f55d5f8d95c9b4a38ec233d4c6",
    "https://deno.land/std@0.179.0/encoding/_yaml/schema/default.ts": "96e9ed6ead36f53a0832c542fc9b8cca7f8b4a67c1c8424e1423a39ee7154db7",
    "https://deno.land/std@0.179.0/encoding/_yaml/schema/extended.ts": "f9bd75c79ebdfb92a8e167488b6bde7113a31b8fabe20ad7eed0904fba11bcd2",
    "https://deno.land/std@0.179.0/encoding/_yaml/schema/failsafe.ts": "cddcbf0258bbe0cd77ca10e2f5aec13439f50d4068f96aab08ca2d64496dabe8",
    "https://deno.land/std@0.179.0/encoding/_yaml/schema/json.ts": "c86905dfb1b6c4633750bfbb5bd529a30be5c08287ab7eb6694390b40e276487",
    "https://deno.land/std@0.179.0/encoding/_yaml/schema/mod.ts": "051f93dd97a15aaad2da62bd24627e8fd2f02fb026d21567d924b720d606f078",
    "https://deno.land/std@0.179.0/encoding/_yaml/state.ts": "ef03d55ec235d48dcfbecc0ab3ade90bfae69a61094846e08003421c2cf5cfc6",
    "https://deno.land/std@0.179.0/encoding/_yaml/type.ts": "5ded5472a0f17a219ac3b0e90d96dc8472a68654a40258a31e03a6c6297b6788",
    "https://deno.land/std@0.179.0/encoding/_yaml/type/binary.ts": "935d39794420ac3718d26716192239de6a53566c6f2ba5010e8ed26936b94a89",
    "https://deno.land/std@0.179.0/encoding/_yaml/type/bool.ts": "1c99cfbaa94b022575b636a73e1549569b26fc6bbff2cd5e539aa77b49bdf303",
    "https://deno.land/std@0.179.0/encoding/_yaml/type/float.ts": "f60ad19b27050add694bfc255b7efef27103f047861aa657823ff3f6853bad11",
    "https://deno.land/std@0.179.0/encoding/_yaml/type/function.ts": "65a37f6bef43ef141854ee48a1058d9c9c4c80ed6eed6cd35608329a6957e27a",
    "https://deno.land/std@0.179.0/encoding/_yaml/type/int.ts": "892f59bb7b2dbd64dd9b643c17441af95c0b962ad027e454cb84a68864787b86",
    "https://deno.land/std@0.179.0/encoding/_yaml/type/map.ts": "92e647a6aec0dc184ea4b039a77a15883b54da754311189c595b43f6aaa50030",
    "https://deno.land/std@0.179.0/encoding/_yaml/type/merge.ts": "8192bf3e4d637f32567917f48bb276043da9cf729cf594e5ec191f7cd229337e",
    "https://deno.land/std@0.179.0/encoding/_yaml/type/mod.ts": "060e2b3d38725094b77ea3a3f05fc7e671fced8e67ca18e525be98c4aa8f4bbb",
    "https://deno.land/std@0.179.0/encoding/_yaml/type/nil.ts": "606e8f0c44d73117c81abec822f89ef81e40f712258c74f186baa1af659b8887",
    "https://deno.land/std@0.179.0/encoding/_yaml/type/omap.ts": "fbd5da9970c211335ff7c8fa11e9c5e9256e568d52418ac237d1538c5cb0d5e6",
    "https://deno.land/std@0.179.0/encoding/_yaml/type/pairs.ts": "ea487a44c0ae64d8d952779fa1cb5fa0a12f32a0b5d3d1e8c1f06f446448427c",
    "https://deno.land/std@0.179.0/encoding/_yaml/type/regexp.ts": "672000d22a1062d61577d30b218c28f5cb1d039a7a60079fdde6a4e558d5ca51",
    "https://deno.land/std@0.179.0/encoding/_yaml/type/seq.ts": "39b28f7c7aa41263c5c42cab9d184f03555e9ba19493766afc0c0c325a9ac49f",
    "https://deno.land/std@0.179.0/encoding/_yaml/type/set.ts": "0e30a9f750306b514c8ae9869d1ac2548d57beab55b33e85ea9673ca0a08264c",
    "https://deno.land/std@0.179.0/encoding/_yaml/type/str.ts": "a67a3c6e429d95041399e964015511779b1130ea5889fa257c48457bd3446e31",
    "https://deno.land/std@0.179.0/encoding/_yaml/type/timestamp.ts": "706ea80a76a73e48efaeb400ace087da1f927647b53ad6f754f4e06d51af087f",
    "https://deno.land/std@0.179.0/encoding/_yaml/type/undefined.ts": "94a316ca450597ccbc6750cbd79097ad0d5f3a019797eed3c841a040c29540ba",
    "https://deno.land/std@0.179.0/encoding/_yaml/utils.ts": "26b311f0d42a7ce025060bd6320a68b50e52fd24a839581eb31734cd48e20393",
    "https://deno.land/std@0.179.0/io/buffer.ts": "e2b7564f684dad625cab08f5106f33572d325705d19a36822b3272fbdfb8f726",
    "https://deno.land/std@0.179.0/types.d.ts": "220ed56662a0bd393ba5d124aa6ae2ad36a00d2fcbc0e8666a65f4606aaa9784",
    "https://deno.land/std@0.97.0/_util/assert.ts": "2f868145a042a11d5ad0a3c748dcf580add8a0dbc0e876eaa0026303a5488f58",
    "https://deno.land/std@0.97.0/_util/os.ts": "e282950a0eaa96760c0cf11e7463e66babd15ec9157d4c9ed49cc0925686f6a7",
    "https://deno.land/std@0.97.0/path/_constants.ts": "1247fee4a79b70c89f23499691ef169b41b6ccf01887a0abd131009c5581b853",
    "https://deno.land/std@0.97.0/path/_interface.ts": "1fa73b02aaa24867e481a48492b44f2598cd9dfa513c7b34001437007d3642e4",
    "https://deno.land/std@0.97.0/path/_util.ts": "2e06a3b9e79beaf62687196bd4b60a4c391d862cfa007a20fc3a39f778ba073b",
    "https://deno.land/std@0.97.0/path/common.ts": "eaf03d08b569e8a87e674e4e265e099f237472b6fd135b3cbeae5827035ea14a",
    "https://deno.land/std@0.97.0/path/glob.ts": "314ad9ff263b895795208cdd4d5e35a44618ca3c6dd155e226fb15d065008652",
    "https://deno.land/std@0.97.0/path/mod.ts": "4465dc494f271b02569edbb4a18d727063b5dbd6ed84283ff906260970a15d12",
    "https://deno.land/std@0.97.0/path/posix.ts": "f56c3c99feb47f30a40ce9d252ef6f00296fa7c0fcb6dd81211bdb3b8b99ca3b",
    "https://deno.land/std@0.97.0/path/separator.ts": "8fdcf289b1b76fd726a508f57d3370ca029ae6976fcde5044007f062e643ff1c",
    "https://deno.land/std@0.97.0/path/win32.ts": "77f7b3604e0de40f3a7c698e8a79e7f601dc187035a1c21cb1e596666ce112f8",
    "https://deno.land/x/diplodocus@0.0.3/deps.ts": "c6a412bc81a9393f5898a584070dfcec861aa52eca90278daf34e4cdbf694ab5",
    "https://deno.land/x/diplodocus@0.0.3/marked.ts": "18bcd136798680062dc3a6ba37fe88725c773a1070bd6c5109f794f79d7cb5db",
    "https://deno.land/x/diplodocus@0.0.3/mod.ts": "17abe77946cf8bfc642bd0b56083c06ea3fc90da375c748a27deb08c010d3fcb",
    "https://deno.land/x/diplodocus@0.0.3/render.ts": "5f294ab312bb4ee8963b550934f57610db5561a0b19efe66cfe5b54850919189",
    "https://deno.land/x/diplodocus@0.0.3/utils.ts": "00b110509ee42c2631f4bbaa46b43dd2b782e7aea6178199d7a969819d148896",
    "https://deno.land/x/markdown@v2.0.0/mod.ts": "495ee5abb28bff8e6e4027819ece57f61342ef7715419675c1b1be24c47fc624",
    "https://deno.land/x/markdown@v2.0.0/src/block-lexer.ts": "643d0f10ccb5abb199f896cdc571e87139d46b1caaadbf54ffca32271e7009e2",
    "https://deno.land/x/markdown@v2.0.0/src/extend-regexp.ts": "187bbc8527a00add37f05790af39e0a242dd2064270ab52a536f104d76634ab7",
    "https://deno.land/x/markdown@v2.0.0/src/helpers.ts": "0c797e3300a4bbc5ad921bc6aaa789382f1f4cb7279f6f7f74175628e7dfd744",
    "https://deno.land/x/markdown@v2.0.0/src/inline-lexer.ts": "a5858913d8e5ecf83b649e6febe746f7b12aaaeb0c0ee201a7d0de57540b1b17",
    "https://deno.land/x/markdown@v2.0.0/src/interfaces.ts": "e720074dc6658352c30a5b6cb06d8bd18c9b97642e4118768d96260d318b2c3c",
    "https://deno.land/x/markdown@v2.0.0/src/marked.ts": "36cacb1b13527429bf48935d0fed1f715e71238375ba5163054d57cb6ebbe732",
    "https://deno.land/x/markdown@v2.0.0/src/parser.ts": "3b200dc5ca451f7309d794da517c8b80cfe333c3636e5beb168b29b952f10f9a",
    "https://deno.land/x/markdown@v2.0.0/src/renderer.ts": "273c5659ca11d959481504cb6db152b43bba4620a54fd70f5a57ed1ff65e0206",
    "https://deno.land/x/markup_tag@0.3.0/mod.ts": "2b0d78795a4bb7bd423a59dc039abbe489606aab4a8ca41376777f550c627638",
    "https://deno.land/x/mime_types@1.0.0/mod.ts": "bd8b9aa2637c8ccb5beb97b5fe320b3634bb9d0d6f800a2763b8f5ad360a8c22",
    "https://deno.land/x/status@0.1.0/codes.ts": "4770829290f22ec25af4db680cc05db6ae2248540e66998637b036fda0717254",
    "https://deno.land/x/status@0.1.0/maps.ts": "74d51c705716efc58d4110837b988579134ad07da4ed64c99b7443bea43eac95",
    "https://deno.land/x/status@0.1.0/status.ts": "5252fa9cf5fe13f10d97a273b8461d4ae88ed66ec3e3af90b04775cae224084d"
  }
}
